<?xml version="1.0" encoding="utf-8"?>
<Project ToolsVersion="4.0" xmlns="http://schemas.microsoft.com/developer/msbuild/2003">
  <ItemGroup>
    <Filter Include="src">
      <UniqueIdentifier>{2c4c2f93-b29f-4209-9b6a-7fa9ef8c3ba2}</UniqueIdentifier>
    </Filter>
    <Filter Include="src\lib">
      <UniqueIdentifier>{d849512b-ee47-4f28-b33d-3cd63960984d}</UniqueIdentifier>
    </Filter>
    <Filter Include="src\lib\krc">
      <UniqueIdentifier>{a47ca931-f341-4e4b-90b4-dea44911503b}</UniqueIdentifier>
    </Filter>
    <Filter Include="src\lib\krbf">
      <UniqueIdentifier>{b7e88c37-c4e2-4619-8c41-694bd80c8fbd}</UniqueIdentifier>
    </Filter>
    <Filter Include="src\app">
      <UniqueIdentifier>{d1ed7d8c-89cd-41ac-bb3a-fcea08fa7997}</UniqueIdentifier>
    </Filter>
    <Filter Include="src\lib\krc\krc_code_table">
      <UniqueIdentifier>{60f48eaa-6e93-4918-bc2f-e6df9180e4f5}</UniqueIdentifier>
    </Filter>
  </ItemGroup>
  <ItemGroup>
    <ClCompile Include="src\main.cpp">
      <Filter>src</Filter>
    </ClCompile>
    <ClCompile Include="src\app\app_krc.cpp">
      <Filter>src\app</Filter>
    </ClCompile>
    <ClCompile Include="src\lib\krc\krc_code_convert.c">
      <Filter>src\lib\krc</Filter>
    </ClCompile>
    <ClCompile Include="src\lib\krc\krc_code_table.c">
      <Filter>src\lib\krc</Filter>
    </ClCompile>
    <ClCompile Include="src\lib\krc\krc_code_type.c">
      <Filter>src\lib\krc</Filter>
    </ClCompile>
    <ClCompile Include="src\lib\krc\krc_cp949_index.c">
      <Filter>src\lib\krc</Filter>
    </ClCompile>
    <ClCompile Include="src\lib\krc\krc_convert.c">
      <Filter>src\lib\krc</Filter>
    </ClCompile>
    <ClCompile Include="src\lib\krc\krc_stream.c">
      <Filter>src\lib\krc</Filter>
    </ClCompile>
  </ItemGroup>
  <ItemGroup>
    <ClInclude Include="src\app\app_krc.hpp">
      <Filter>src\app</Filter>
    </ClInclude>
    <ClInclude Include="src\lib\krc\krc_code_table\krc_cp949_to_unicode_hangul_11172.h">
      <Filter>src\lib\krc\krc_code_table</Filter>
    </ClInclude>
    <ClInclude Include="src\lib\krc\krc_code_table\krc_unicode_to_cp949_hangul_11172.h">
      <Filter>src\lib\krc\krc_code_table</Filter>
    </ClInclude>
    <ClInclude Include="src\lib\krc\krc_code_table\krc_cp949_to_unicode_hanja_4888.h">
      <Filter>src\lib\krc\krc_code_table</Filter>
    </ClInclude>
    <ClInclude Include="src\lib\krc\krc_code_table\krc_cp949_to_unicode_special_1128.h">
      <Filter>src\lib\krc\krc_code_table</Filter>
    </ClInclude>
    <ClInclude Include="src\lib\krc\krc.h">
      <Filter>src\lib\krc</Filter>
    </ClInclude>
    <ClInclude Include="src\lib\krc\krc_api.h">
      <Filter>src\lib\krc</Filter>
    </ClInclude>
    <ClInclude Include="src\lib\krc\krc_code_convert.h">
      <Filter>src\lib\krc</Filter>
    </ClInclude>
    <ClInclude Include="src\lib\krc\krc_code_table.h">
      <Filter>src\lib\krc</Filter>
    </ClInclude>
    <ClInclude Include="src\lib\krc\krc_code_type.h">
      <Filter>src\lib\krc</Filter>
    </ClInclude>
    <ClInclude Include="src\lib\krc\krc_config.h">
      <Filter>src\lib\krc</Filter>
    </ClInclude>
    <ClInclude Include="src\lib\krc\krc_type.h">
      <Filter>src\lib\krc</Filter>
    </ClInclude>
    <ClInclude Include="src\lib\krc\krc_cp949_index.h">
      <Filter>src\lib\krc</Filter>
    </ClInclude>
    <ClInclude Include="src\lib\krc\krc_convert.h">
      <Filter>src\lib\krc</Filter>
    </ClInclude>
    <ClInclude Include="src\lib\krc\krc_stream.h">
      <Filter>src\lib\krc</Filter>
    </ClInclude>
  </ItemGroup>
</Project>